
Microsoft Visual Studio Solution File, Format Version 12.00
# Visual Studio Version 17
VisualStudioVersion = 17.11.35327.3
MinimumVisualStudioVersion = 10.0.40219.1
Project("{FAE04EC0-301F-11D3-BF4B-00C04F79EFBC}") = "mf-dev-backend-2023", "mf-dev-backend-2023\mf-dev-backend-2023.csproj", "{A6E38979-35BC-438A-A957-5A78BD894881}"
EndProject
Global
	GlobalSection(SolutionConfigurationPlatforms) = preSolution
		Debug|Any CPU = Debug|Any CPU
		Release|Any CPU = Release|Any CPU
	EndGlobalSection
	GlobalSection(ProjectConfigurationPlatforms) = postSolution
		{A6E38979-35BC-438A-A957-5A78BD894881}.Debug|Any CPU.ActiveCfg = Debug|Any CPU
		{A6E38979-35BC-438A-A957-5A78BD894881}.Debug|Any CPU.Build.0 = Debug|Any CPU
		{A6E38979-35BC-438A-A957-5A78BD894881}.Release|Any CPU.ActiveCfg = Release|Any CPU
		{A6E38979-35BC-438A-A957-5A78BD894881}.Release|Any CPU.Build.0 = Release|Any CPU
	EndGlobalSection
	GlobalSection(SolutionProperties) = preSolution
		HideSolutionNode = FALSE
	EndGlobalSection
	GlobalSection(ExtensibilityGlobals) = postSolution
		SolutionGuid = {0A62F399-BCD6-49C5-893F-1B063861AFD9}
	EndGlobalSection
EndGlobal
